
Microsoft Visual Studio Solution File, Format Version 12.00
# Visual Studio Version 16
VisualStudioVersion = 16.0.29519.87
MinimumVisualStudioVersion = 10.0.40219.1
Project("{8BC9CEB8-8B4A-11D0-8D11-00A0C91BC942}") = "ATPSearch", "ATPSearch\ATPSearch.vcxproj", "{19F1A863-CD69-4BA7-A591-1FE78C107CA6}"
	ProjectSection(ProjectDependencies) = postProject
		{9F91A056-31E6-4086-BB17-764EA0793ECE} = {9F91A056-31E6-4086-BB17-764EA0793ECE}
		{F75FAA5D-B540-453B-9C2E-CD502ECFBC1C} = {F75FAA5D-B540-453B-9C2E-CD502ECFBC1C}
	EndProjectSection
EndProject
Project("{8BC9CEB8-8B4A-11D0-8D11-00A0C91BC942}") = "ATPLogic", "ATPLogic\ATPLogic.vcxproj", "{F75FAA5D-B540-453B-9C2E-CD502ECFBC1C}"
EndProject
Project("{8BC9CEB8-8B4A-11D0-8D11-00A0C91BC942}") = "ATPDatabase", "ATPDatabase\ATPDatabase.vcxproj", "{9F91A056-31E6-4086-BB17-764EA0793ECE}"
	ProjectSection(ProjectDependencies) = postProject
		{F75FAA5D-B540-453B-9C2E-CD502ECFBC1C} = {F75FAA5D-B540-453B-9C2E-CD502ECFBC1C}
	EndProjectSection
EndProject
Project("{8BC9CEB8-8B4A-11D0-8D11-00A0C91BC942}") = "atp", "atp\atp.vcxproj", "{D4AB8A99-6056-4E10-8BFE-1B54F66D1205}"
	ProjectSection(ProjectDependencies) = postProject
		{9F91A056-31E6-4086-BB17-764EA0793ECE} = {9F91A056-31E6-4086-BB17-764EA0793ECE}
		{F75FAA5D-B540-453B-9C2E-CD502ECFBC1C} = {F75FAA5D-B540-453B-9C2E-CD502ECFBC1C}
		{19F1A863-CD69-4BA7-A591-1FE78C107CA6} = {19F1A863-CD69-4BA7-A591-1FE78C107CA6}
		{6CFE94B1-E57D-425C-B58D-9C9E3BD9094C} = {6CFE94B1-E57D-425C-B58D-9C9E3BD9094C}
	EndProjectSection
EndProject
Project("{8BC9CEB8-8B4A-11D0-8D11-00A0C91BC942}") = "ATPLogicTests", "ATPLogicTests\ATPLogicTests.vcxproj", "{C7343796-47C9-4245-B24C-722BFEFB45AA}"
	ProjectSection(ProjectDependencies) = postProject
		{F75FAA5D-B540-453B-9C2E-CD502ECFBC1C} = {F75FAA5D-B540-453B-9C2E-CD502ECFBC1C}
	EndProjectSection
EndProject
Project("{8BC9CEB8-8B4A-11D0-8D11-00A0C91BC942}") = "ATPSearchTests", "ATPSearchTests\ATPSearchTests.vcxproj", "{19F308F2-EB3B-47B6-80E4-37D4D820F150}"
	ProjectSection(ProjectDependencies) = postProject
		{F75FAA5D-B540-453B-9C2E-CD502ECFBC1C} = {F75FAA5D-B540-453B-9C2E-CD502ECFBC1C}
		{19F1A863-CD69-4BA7-A591-1FE78C107CA6} = {19F1A863-CD69-4BA7-A591-1FE78C107CA6}
	EndProjectSection
EndProject
Project("{8BC9CEB8-8B4A-11D0-8D11-00A0C91BC942}") = "ATPCore", "ATPCore\ATPCore.vcxproj", "{6CFE94B1-E57D-425C-B58D-9C9E3BD9094C}"
	ProjectSection(ProjectDependencies) = postProject
		{9F91A056-31E6-4086-BB17-764EA0793ECE} = {9F91A056-31E6-4086-BB17-764EA0793ECE}
		{F75FAA5D-B540-453B-9C2E-CD502ECFBC1C} = {F75FAA5D-B540-453B-9C2E-CD502ECFBC1C}
		{19F1A863-CD69-4BA7-A591-1FE78C107CA6} = {19F1A863-CD69-4BA7-A591-1FE78C107CA6}
	EndProjectSection
EndProject
Project("{8BC9CEB8-8B4A-11D0-8D11-00A0C91BC942}") = "ATPCoreTests", "ATPCoreTests\ATPCoreTests.vcxproj", "{6AE5858D-60E2-4301-A641-0914FE70CCB4}"
	ProjectSection(ProjectDependencies) = postProject
		{9F91A056-31E6-4086-BB17-764EA0793ECE} = {9F91A056-31E6-4086-BB17-764EA0793ECE}
		{F75FAA5D-B540-453B-9C2E-CD502ECFBC1C} = {F75FAA5D-B540-453B-9C2E-CD502ECFBC1C}
		{19F1A863-CD69-4BA7-A591-1FE78C107CA6} = {19F1A863-CD69-4BA7-A591-1FE78C107CA6}
		{6CFE94B1-E57D-425C-B58D-9C9E3BD9094C} = {6CFE94B1-E57D-425C-B58D-9C9E3BD9094C}
	EndProjectSection
EndProject
Global
	GlobalSection(SolutionConfigurationPlatforms) = preSolution
		Debug|x64 = Debug|x64
		Debug|x86 = Debug|x86
		Release|x64 = Release|x64
		Release|x86 = Release|x86
	EndGlobalSection
	GlobalSection(ProjectConfigurationPlatforms) = postSolution
		{19F1A863-CD69-4BA7-A591-1FE78C107CA6}.Debug|x64.ActiveCfg = Debug|x64
		{19F1A863-CD69-4BA7-A591-1FE78C107CA6}.Debug|x64.Build.0 = Debug|x64
		{19F1A863-CD69-4BA7-A591-1FE78C107CA6}.Debug|x86.ActiveCfg = Debug|Win32
		{19F1A863-CD69-4BA7-A591-1FE78C107CA6}.Debug|x86.Build.0 = Debug|Win32
		{19F1A863-CD69-4BA7-A591-1FE78C107CA6}.Release|x64.ActiveCfg = Release|x64
		{19F1A863-CD69-4BA7-A591-1FE78C107CA6}.Release|x64.Build.0 = Release|x64
		{19F1A863-CD69-4BA7-A591-1FE78C107CA6}.Release|x86.ActiveCfg = Release|Win32
		{19F1A863-CD69-4BA7-A591-1FE78C107CA6}.Release|x86.Build.0 = Release|Win32
		{F75FAA5D-B540-453B-9C2E-CD502ECFBC1C}.Debug|x64.ActiveCfg = Debug|x64
		{F75FAA5D-B540-453B-9C2E-CD502ECFBC1C}.Debug|x64.Build.0 = Debug|x64
		{F75FAA5D-B540-453B-9C2E-CD502ECFBC1C}.Debug|x86.ActiveCfg = Debug|Win32
		{F75FAA5D-B540-453B-9C2E-CD502ECFBC1C}.Debug|x86.Build.0 = Debug|Win32
		{F75FAA5D-B540-453B-9C2E-CD502ECFBC1C}.Release|x64.ActiveCfg = Release|x64
		{F75FAA5D-B540-453B-9C2E-CD502ECFBC1C}.Release|x64.Build.0 = Release|x64
		{F75FAA5D-B540-453B-9C2E-CD502ECFBC1C}.Release|x86.ActiveCfg = Release|Win32
		{F75FAA5D-B540-453B-9C2E-CD502ECFBC1C}.Release|x86.Build.0 = Release|Win32
		{9F91A056-31E6-4086-BB17-764EA0793ECE}.Debug|x64.ActiveCfg = Debug|x64
		{9F91A056-31E6-4086-BB17-764EA0793ECE}.Debug|x64.Build.0 = Debug|x64
		{9F91A056-31E6-4086-BB17-764EA0793ECE}.Debug|x86.ActiveCfg = Debug|Win32
		{9F91A056-31E6-4086-BB17-764EA0793ECE}.Debug|x86.Build.0 = Debug|Win32
		{9F91A056-31E6-4086-BB17-764EA0793ECE}.Release|x64.ActiveCfg = Release|x64
		{9F91A056-31E6-4086-BB17-764EA0793ECE}.Release|x64.Build.0 = Release|x64
		{9F91A056-31E6-4086-BB17-764EA0793ECE}.Release|x86.ActiveCfg = Release|Win32
		{9F91A056-31E6-4086-BB17-764EA0793ECE}.Release|x86.Build.0 = Release|Win32
		{D4AB8A99-6056-4E10-8BFE-1B54F66D1205}.Debug|x64.ActiveCfg = Debug|x64
		{D4AB8A99-6056-4E10-8BFE-1B54F66D1205}.Debug|x64.Build.0 = Debug|x64
		{D4AB8A99-6056-4E10-8BFE-1B54F66D1205}.Debug|x86.ActiveCfg = Debug|Win32
		{D4AB8A99-6056-4E10-8BFE-1B54F66D1205}.Debug|x86.Build.0 = Debug|Win32
		{D4AB8A99-6056-4E10-8BFE-1B54F66D1205}.Release|x64.ActiveCfg = Release|x64
		{D4AB8A99-6056-4E10-8BFE-1B54F66D1205}.Release|x64.Build.0 = Release|x64
		{D4AB8A99-6056-4E10-8BFE-1B54F66D1205}.Release|x86.ActiveCfg = Release|Win32
		{D4AB8A99-6056-4E10-8BFE-1B54F66D1205}.Release|x86.Build.0 = Release|Win32
		{C7343796-47C9-4245-B24C-722BFEFB45AA}.Debug|x64.ActiveCfg = Debug|x64
		{C7343796-47C9-4245-B24C-722BFEFB45AA}.Debug|x64.Build.0 = Debug|x64
		{C7343796-47C9-4245-B24C-722BFEFB45AA}.Debug|x86.ActiveCfg = Debug|Win32
		{C7343796-47C9-4245-B24C-722BFEFB45AA}.Debug|x86.Build.0 = Debug|Win32
		{C7343796-47C9-4245-B24C-722BFEFB45AA}.Release|x64.ActiveCfg = Release|x64
		{C7343796-47C9-4245-B24C-722BFEFB45AA}.Release|x64.Build.0 = Release|x64
		{C7343796-47C9-4245-B24C-722BFEFB45AA}.Release|x86.ActiveCfg = Release|Win32
		{C7343796-47C9-4245-B24C-722BFEFB45AA}.Release|x86.Build.0 = Release|Win32
		{19F308F2-EB3B-47B6-80E4-37D4D820F150}.Debug|x64.ActiveCfg = Debug|x64
		{19F308F2-EB3B-47B6-80E4-37D4D820F150}.Debug|x64.Build.0 = Debug|x64
		{19F308F2-EB3B-47B6-80E4-37D4D820F150}.Debug|x86.ActiveCfg = Debug|Win32
		{19F308F2-EB3B-47B6-80E4-37D4D820F150}.Debug|x86.Build.0 = Debug|Win32
		{19F308F2-EB3B-47B6-80E4-37D4D820F150}.Release|x64.ActiveCfg = Release|x64
		{19F308F2-EB3B-47B6-80E4-37D4D820F150}.Release|x64.Build.0 = Release|x64
		{19F308F2-EB3B-47B6-80E4-37D4D820F150}.Release|x86.ActiveCfg = Release|Win32
		{19F308F2-EB3B-47B6-80E4-37D4D820F150}.Release|x86.Build.0 = Release|Win32
		{6CFE94B1-E57D-425C-B58D-9C9E3BD9094C}.Debug|x64.ActiveCfg = Debug|x64
		{6CFE94B1-E57D-425C-B58D-9C9E3BD9094C}.Debug|x64.Build.0 = Debug|x64
		{6CFE94B1-E57D-425C-B58D-9C9E3BD9094C}.Debug|x86.ActiveCfg = Debug|Win32
		{6CFE94B1-E57D-425C-B58D-9C9E3BD9094C}.Debug|x86.Build.0 = Debug|Win32
		{6CFE94B1-E57D-425C-B58D-9C9E3BD9094C}.Release|x64.ActiveCfg = Release|x64
		{6CFE94B1-E57D-425C-B58D-9C9E3BD9094C}.Release|x64.Build.0 = Release|x64
		{6CFE94B1-E57D-425C-B58D-9C9E3BD9094C}.Release|x86.ActiveCfg = Release|Win32
		{6CFE94B1-E57D-425C-B58D-9C9E3BD9094C}.Release|x86.Build.0 = Release|Win32
		{6AE5858D-60E2-4301-A641-0914FE70CCB4}.Debug|x64.ActiveCfg = Debug|x64
		{6AE5858D-60E2-4301-A641-0914FE70CCB4}.Debug|x64.Build.0 = Debug|x64
		{6AE5858D-60E2-4301-A641-0914FE70CCB4}.Debug|x86.ActiveCfg = Debug|Win32
		{6AE5858D-60E2-4301-A641-0914FE70CCB4}.Debug|x86.Build.0 = Debug|Win32
		{6AE5858D-60E2-4301-A641-0914FE70CCB4}.Release|x64.ActiveCfg = Release|x64
		{6AE5858D-60E2-4301-A641-0914FE70CCB4}.Release|x64.Build.0 = Release|x64
		{6AE5858D-60E2-4301-A641-0914FE70CCB4}.Release|x86.ActiveCfg = Release|Win32
		{6AE5858D-60E2-4301-A641-0914FE70CCB4}.Release|x86.Build.0 = Release|Win32
	EndGlobalSection
	GlobalSection(SolutionProperties) = preSolution
		HideSolutionNode = FALSE
	EndGlobalSection
	GlobalSection(ExtensibilityGlobals) = postSolution
		SolutionGuid = {5DE20A5A-B64C-47AD-9F4E-28CCA3B073D2}
	EndGlobalSection
EndGlobal
