<?xml version="1.0" encoding="utf-8"?>
<Project ToolsVersion="4.0" xmlns="http://schemas.microsoft.com/developer/msbuild/2003">
  <ItemGroup>
    <Filter Include="Source Files">
      <UniqueIdentifier>{4FC737F1-C7A5-4376-A066-2A32D752A2FF}</UniqueIdentifier>
      <Extensions>cpp;c;cc;cxx;c++;def;odl;idl;hpj;bat;asm;asmx</Extensions>
    </Filter>
    <Filter Include="Header Files">
      <UniqueIdentifier>{93995380-89BD-4b04-88EB-625FBE52EBFB}</UniqueIdentifier>
      <Extensions>h;hh;hpp;hxx;h++;hm;inl;inc;ipp;xsd</Extensions>
    </Filter>
    <Filter Include="Resource Files">
      <UniqueIdentifier>{67DA6AB6-F800-4c08-8B7A-83BB121AAD01}</UniqueIdentifier>
      <Extensions>rc;ico;cur;bmp;dlg;rc2;rct;bin;rgs;gif;jpg;jpeg;jpe;resx;tiff;tif;png;wav;mfcribbon-ms</Extensions>
    </Filter>
    <Filter Include="Header Files\Processes">
      <UniqueIdentifier>{46b81831-221c-4835-94c8-9087ac53cd49}</UniqueIdentifier>
    </Filter>
    <Filter Include="Source Files\Processes">
      <UniqueIdentifier>{19381f56-9524-4897-ba08-322c440cbcfb}</UniqueIdentifier>
    </Filter>
    <Filter Include="Header Files\Models">
      <UniqueIdentifier>{473e8772-b3d9-449b-bc68-3d31b6d68e07}</UniqueIdentifier>
    </Filter>
    <Filter Include="Source Files\Models">
      <UniqueIdentifier>{9acf7152-260d-4473-b908-2aee1618e134}</UniqueIdentifier>
    </Filter>
    <Filter Include="Header Files\Processes\HMM">
      <UniqueIdentifier>{2752447e-df5b-411c-8c2f-1d35d3d9af52}</UniqueIdentifier>
    </Filter>
    <Filter Include="Header Files\Processes\Proof">
      <UniqueIdentifier>{155b4e13-7042-486d-b06e-4af7275508ce}</UniqueIdentifier>
    </Filter>
    <Filter Include="Header Files\Processes\Base">
      <UniqueIdentifier>{a3cd5cbc-69bd-4bd2-93ae-8dec424b2522}</UniqueIdentifier>
    </Filter>
    <Filter Include="Source Files\Processes\HMM">
      <UniqueIdentifier>{b8433161-ccf8-402b-a262-a4af915a9a21}</UniqueIdentifier>
    </Filter>
    <Filter Include="Source Files\Processes\Base">
      <UniqueIdentifier>{0fedd138-aaad-44ad-9991-2b8a2b316aad}</UniqueIdentifier>
    </Filter>
    <Filter Include="Source Files\Processes\Proof">
      <UniqueIdentifier>{0532e73e-4ae8-4565-b7cf-a64950213dfe}</UniqueIdentifier>
    </Filter>
    <Filter Include="Header Files\Models\HMM">
      <UniqueIdentifier>{ff8e41c0-493d-400b-a3e6-835d9b69f339}</UniqueIdentifier>
    </Filter>
    <Filter Include="Source Files\Models\HMM">
      <UniqueIdentifier>{8ef9025d-bc3e-4faa-8006-7eb9bc05a616}</UniqueIdentifier>
    </Filter>
    <Filter Include="Header Files\Scheduling">
      <UniqueIdentifier>{1acb1c77-8ad6-4f97-9599-fafc9b570c71}</UniqueIdentifier>
    </Filter>
    <Filter Include="Source Files\Scheduling">
      <UniqueIdentifier>{65a5a4cd-2639-4b60-8110-e5ff7cb1e44b}</UniqueIdentifier>
    </Filter>
  </ItemGroup>
  <ItemGroup>
    <ClInclude Include="ATPCoreAPI.h">
      <Filter>Header Files</Filter>
    </ClInclude>
    <ClInclude Include="ATPCore.h">
      <Filter>Header Files</Filter>
    </ClInclude>
    <ClInclude Include="Processes\CommonProcessData.h">
      <Filter>Header Files\Processes\Base</Filter>
    </ClInclude>
    <ClInclude Include="Processes\HMMConjectureProcess.h">
      <Filter>Header Files\Processes\HMM</Filter>
    </ClInclude>
    <ClInclude Include="Processes\HMMConjectureTrainProcess.h">
      <Filter>Header Files\Processes\HMM</Filter>
    </ClInclude>
    <ClInclude Include="Processes\HMMProcessData.h">
      <Filter>Header Files\Processes\HMM</Filter>
    </ClInclude>
    <ClInclude Include="Processes\IProcess.h">
      <Filter>Header Files\Processes\Base</Filter>
    </ClInclude>
    <ClInclude Include="Processes\ProcessManager.h">
      <Filter>Header Files\Processes\Base</Filter>
    </ClInclude>
    <ClInclude Include="Processes\ProcessSequence.h">
      <Filter>Header Files\Processes\Base</Filter>
    </ClInclude>
    <ClInclude Include="Processes\ProofProcess.h">
      <Filter>Header Files\Processes\Proof</Filter>
    </ClInclude>
    <ClInclude Include="Processes\ProofInitProcess.h">
      <Filter>Header Files\Processes\Proof</Filter>
    </ClInclude>
    <ClInclude Include="Processes\RunSolverProcess.h">
      <Filter>Header Files\Processes\Proof</Filter>
    </ClInclude>
    <ClInclude Include="Processes\QueryProcess.h">
      <Filter>Header Files\Processes\Base</Filter>
    </ClInclude>
    <ClInclude Include="Processes\SaveProofResultsProcess.h">
      <Filter>Header Files\Processes\Proof</Filter>
    </ClInclude>
    <ClInclude Include="Processes\HMMModelLoaderProcess.h">
      <Filter>Header Files\Processes\HMM</Filter>
    </ClInclude>
    <ClInclude Include="Processes\HMMGenerateConjProcess.h">
      <Filter>Header Files\Processes\HMM</Filter>
    </ClInclude>
    <ClInclude Include="Processes\SaveConjResultsProcess.h">
      <Filter>Header Files\Processes\HMM</Filter>
    </ClInclude>
    <ClInclude Include="Processes\HMMConjModelTrainProcess.h">
      <Filter>Header Files\Processes\HMM</Filter>
    </ClInclude>
    <ClInclude Include="Processes\HMMSaveModelParamsProcess.h">
      <Filter>Header Files\Processes\HMM</Filter>
    </ClInclude>
    <ClInclude Include="Processes\HMMLoadTrainingDataProcess.h">
      <Filter>Header Files\Processes\HMM</Filter>
    </ClInclude>
    <ClInclude Include="Processes\UnprovenThmSelectorProcess.h">
      <Filter>Header Files\Processes\Proof</Filter>
    </ClInclude>
    <ClInclude Include="Processes\CreateHMMProcess.h">
      <Filter>Header Files\Processes\HMM</Filter>
    </ClInclude>
    <ClInclude Include="Models\HMMConjectureModel.h">
      <Filter>Header Files\Models\HMM</Filter>
    </ClInclude>
    <ClInclude Include="Models\HMMConjectureModelBuilder.h">
      <Filter>Header Files\Models\HMM</Filter>
    </ClInclude>
    <ClInclude Include="Models\HMMStmtToObs.h">
      <Filter>Header Files\Models\HMM</Filter>
    </ClInclude>
    <ClInclude Include="Scheduling\IScheduler.h">
      <Filter>Header Files\Scheduling</Filter>
    </ClInclude>
    <ClInclude Include="Scheduling\SimpleScheduler.h">
      <Filter>Header Files\Scheduling</Filter>
    </ClInclude>
    <ClInclude Include="Processes\SelectContextProcess.h">
      <Filter>Header Files\Processes\Proof</Filter>
    </ClInclude>
    <ClInclude Include="Processes\SelectSearchSettingsProcess.h">
      <Filter>Header Files\Processes\Proof</Filter>
    </ClInclude>
    <ClInclude Include="Processes\ProcessQueue.h">
      <Filter>Header Files\Processes\Base</Filter>
    </ClInclude>
  </ItemGroup>
  <ItemGroup>
    <ClCompile Include="ATPCore.cpp">
      <Filter>Source Files</Filter>
    </ClCompile>
    <ClCompile Include="Processes\HMMConjectureTrainProcess.cpp">
      <Filter>Source Files\Processes\HMM</Filter>
    </ClCompile>
    <ClCompile Include="Processes\ProcessManager.cpp">
      <Filter>Source Files\Processes\Base</Filter>
    </ClCompile>
    <ClCompile Include="Processes\HMMConjectureProcess.cpp">
      <Filter>Source Files\Processes\HMM</Filter>
    </ClCompile>
    <ClCompile Include="Processes\ProofProcess.cpp">
      <Filter>Source Files\Processes\Proof</Filter>
    </ClCompile>
    <ClCompile Include="Processes\ProofInitProcess.cpp">
      <Filter>Source Files\Processes\Proof</Filter>
    </ClCompile>
    <ClCompile Include="Processes\QueryProcess.cpp">
      <Filter>Source Files\Processes\Base</Filter>
    </ClCompile>
    <ClCompile Include="Processes\RunSolverProcess.cpp">
      <Filter>Source Files\Processes\Proof</Filter>
    </ClCompile>
    <ClCompile Include="Processes\SaveProofResultsProcess.cpp">
      <Filter>Source Files\Processes\Proof</Filter>
    </ClCompile>
    <ClCompile Include="Processes\HMMModelLoaderProcess.cpp">
      <Filter>Source Files\Processes\HMM</Filter>
    </ClCompile>
    <ClCompile Include="Processes\HMMGenerateConjProcess.cpp">
      <Filter>Source Files\Processes\HMM</Filter>
    </ClCompile>
    <ClCompile Include="Processes\SaveConjResultsProcess.cpp">
      <Filter>Source Files\Processes\HMM</Filter>
    </ClCompile>
    <ClCompile Include="Processes\HMMConjModelTrainProcess.cpp">
      <Filter>Source Files\Processes\HMM</Filter>
    </ClCompile>
    <ClCompile Include="Processes\HMMSaveModelParamsProcess.cpp">
      <Filter>Source Files\Processes\HMM</Filter>
    </ClCompile>
    <ClCompile Include="Processes\HMMLoadTrainingDataProcess.cpp">
      <Filter>Source Files\Processes\HMM</Filter>
    </ClCompile>
    <ClCompile Include="Processes\UnprovenThmSelectorProcess.cpp">
      <Filter>Source Files\Processes\Proof</Filter>
    </ClCompile>
    <ClCompile Include="Processes\CreateHMMProcess.cpp">
      <Filter>Source Files\Processes\HMM</Filter>
    </ClCompile>
    <ClCompile Include="Models\HMMConjectureModel.cpp">
      <Filter>Source Files\Models\HMM</Filter>
    </ClCompile>
    <ClCompile Include="Models\HMMConjectureModelBuilder.cpp">
      <Filter>Source Files\Models\HMM</Filter>
    </ClCompile>
    <ClCompile Include="Models\HMMStmtToObs.cpp">
      <Filter>Source Files\Models\HMM</Filter>
    </ClCompile>
    <ClCompile Include="Scheduling\SimpleScheduler.cpp">
      <Filter>Source Files\Scheduling</Filter>
    </ClCompile>
    <ClCompile Include="Processes\SelectContextProcess.cpp">
      <Filter>Source Files\Processes\Proof</Filter>
    </ClCompile>
    <ClCompile Include="Processes\SelectSearchSettingsProcess.cpp">
      <Filter>Source Files\Processes\Proof</Filter>
    </ClCompile>
    <ClCompile Include="Processes\ProcessQueue.cpp">
      <Filter>Source Files\Processes\Base</Filter>
    </ClCompile>
  </ItemGroup>
</Project>