<?xml version="1.0" encoding="utf-8"?>
<Project ToolsVersion="4.0" xmlns="http://schemas.microsoft.com/developer/msbuild/2003">
  <ItemGroup>
    <Filter Include="Source Files">
      <UniqueIdentifier>{4FC737F1-C7A5-4376-A066-2A32D752A2FF}</UniqueIdentifier>
      <Extensions>cpp;c;cc;cxx;c++;def;odl;idl;hpj;bat;asm;asmx</Extensions>
    </Filter>
    <Filter Include="Header Files">
      <UniqueIdentifier>{93995380-89BD-4b04-88EB-625FBE52EBFB}</UniqueIdentifier>
      <Extensions>h;hh;hpp;hxx;h++;hm;inl;inc;ipp;xsd</Extensions>
    </Filter>
    <Filter Include="Resource Files">
      <UniqueIdentifier>{67DA6AB6-F800-4c08-8B7A-83BB121AAD01}</UniqueIdentifier>
      <Extensions>rc;ico;cur;bmp;dlg;rc2;rct;bin;rgs;gif;jpg;jpeg;jpe;resx;tiff;tif;png;wav;mfcribbon-ms</Extensions>
    </Filter>
    <Filter Include="Header Files\Processes">
      <UniqueIdentifier>{46b81831-221c-4835-94c8-9087ac53cd49}</UniqueIdentifier>
    </Filter>
    <Filter Include="Source Files\Processes">
      <UniqueIdentifier>{19381f56-9524-4897-ba08-322c440cbcfb}</UniqueIdentifier>
    </Filter>
  </ItemGroup>
  <ItemGroup>
    <ClInclude Include="ATPCoreAPI.h">
      <Filter>Header Files</Filter>
    </ClInclude>
    <ClInclude Include="ATPCore.h">
      <Filter>Header Files</Filter>
    </ClInclude>
    <ClInclude Include="Application.h">
      <Filter>Header Files</Filter>
    </ClInclude>
    <ClInclude Include="Processes\ConjectureProcess.h">
      <Filter>Header Files\Processes</Filter>
    </ClInclude>
    <ClInclude Include="Processes\IProcess.h">
      <Filter>Header Files\Processes</Filter>
    </ClInclude>
    <ClInclude Include="Processes\ProcessManager.h">
      <Filter>Header Files\Processes</Filter>
    </ClInclude>
    <ClInclude Include="Processes\ProofProcess.h">
      <Filter>Header Files\Processes</Filter>
    </ClInclude>
  </ItemGroup>
  <ItemGroup>
    <ClCompile Include="ATPCore.cpp">
      <Filter>Source Files</Filter>
    </ClCompile>
    <ClCompile Include="Application.cpp">
      <Filter>Source Files</Filter>
    </ClCompile>
    <ClCompile Include="Processes\ConjectureProcess.cpp">
      <Filter>Source Files\Processes</Filter>
    </ClCompile>
    <ClCompile Include="Processes\ProcessManager.cpp">
      <Filter>Source Files\Processes</Filter>
    </ClCompile>
    <ClCompile Include="Processes\ProofProcess.cpp">
      <Filter>Source Files\Processes</Filter>
    </ClCompile>
  </ItemGroup>
</Project>