<?xml version="1.0" encoding="utf-8"?>
<Project ToolsVersion="4.0" xmlns="http://schemas.microsoft.com/developer/msbuild/2003">
  <ItemGroup>
    <Filter Include="Source Files">
      <UniqueIdentifier>{4FC737F1-C7A5-4376-A066-2A32D752A2FF}</UniqueIdentifier>
      <Extensions>cpp;c;cc;cxx;def;odl;idl;hpj;bat;asm;asmx</Extensions>
    </Filter>
    <Filter Include="Header Files">
      <UniqueIdentifier>{93995380-89BD-4b04-88EB-625FBE52EBFB}</UniqueIdentifier>
      <Extensions>h;hh;hpp;hxx;hm;inl;inc;ipp;xsd</Extensions>
    </Filter>
    <Filter Include="Resource Files">
      <UniqueIdentifier>{67DA6AB6-F800-4c08-8B7A-83BB121AAD01}</UniqueIdentifier>
      <Extensions>rc;ico;cur;bmp;dlg;rc2;rct;bin;rgs;gif;jpg;jpeg;jpe;resx;tiff;tif;png;wav;mfcribbon-ms</Extensions>
    </Filter>
    <Filter Include="Header Files\Interfaces">
      <UniqueIdentifier>{70dfab10-306b-44d8-bf95-3049262e9b13}</UniqueIdentifier>
    </Filter>
    <Filter Include="Header Files\Internal">
      <UniqueIdentifier>{e2296469-416a-4dc8-9fa7-31cb9e6a794c}</UniqueIdentifier>
    </Filter>
    <Filter Include="Source Files\Internal">
      <UniqueIdentifier>{2e4c945f-079c-46b8-9604-deeeab292de6}</UniqueIdentifier>
    </Filter>
    <Filter Include="Header Files\Internal\SQLite">
      <UniqueIdentifier>{84dc6e94-16be-406d-86af-dccbd64f62e2}</UniqueIdentifier>
    </Filter>
    <Filter Include="Source Files\Internal\SQLite">
      <UniqueIdentifier>{8b4e1c03-25f1-479a-885f-9c4f05a2aade}</UniqueIdentifier>
    </Filter>
  </ItemGroup>
  <ItemGroup>
    <None Include="README.md" />
  </ItemGroup>
  <ItemGroup>
    <ClInclude Include="ATPDatabase.h">
      <Filter>Header Files</Filter>
    </ClInclude>
    <ClInclude Include="ATPDatabaseAPI.h">
      <Filter>Header Files</Filter>
    </ClInclude>
    <ClInclude Include="Interfaces\IDatabase.h">
      <Filter>Header Files\Interfaces</Filter>
    </ClInclude>
    <ClInclude Include="Interfaces\ITransaction.h">
      <Filter>Header Files\Interfaces</Filter>
    </ClInclude>
    <ClInclude Include="Internal\TransactionListWrapper.h">
      <Filter>Header Files\Internal</Filter>
    </ClInclude>
    <ClInclude Include="Interfaces\IQueryBuilders.h">
      <Filter>Header Files\Interfaces</Filter>
    </ClInclude>
    <ClInclude Include="Internal\SQLiteTransaction.h">
      <Filter>Header Files\Internal\SQLite</Filter>
    </ClInclude>
    <ClInclude Include="Internal\SQLiteDatabase.h">
      <Filter>Header Files\Internal\SQLite</Filter>
    </ClInclude>
    <ClInclude Include="Internal\SQLiteSaveProofResultsQryBder.h">
      <Filter>Header Files\Internal\SQLite</Filter>
    </ClInclude>
    <ClInclude Include="Internal\SQLiteCheckAxInDbQryBder.h">
      <Filter>Header Files\Internal\SQLite</Filter>
    </ClInclude>
    <ClInclude Include="Internal\SQLiteFindHmmConjModel.h">
      <Filter>Header Files\Internal\SQLite</Filter>
    </ClInclude>
    <ClInclude Include="Internal\SQLiteGetHmmConjStTransParams.h">
      <Filter>Header Files\Internal\SQLite</Filter>
    </ClInclude>
    <ClInclude Include="Internal\SQLiteGetHmmConjObsParams.h">
      <Filter>Header Files\Internal\SQLite</Filter>
    </ClInclude>
    <ClInclude Include="Internal\SQLiteRndThmSelectQryBder.h">
      <Filter>Header Files\Internal\SQLite</Filter>
    </ClInclude>
  </ItemGroup>
  <ItemGroup>
    <ClCompile Include="ATPDatabase.cpp">
      <Filter>Source Files</Filter>
    </ClCompile>
    <ClCompile Include="Internal\TransactionListWrapper.cpp">
      <Filter>Source Files\Internal</Filter>
    </ClCompile>
    <ClCompile Include="Internal\SQLiteTransaction.cpp">
      <Filter>Source Files\Internal\SQLite</Filter>
    </ClCompile>
    <ClCompile Include="Internal\SQLiteDatabase.cpp">
      <Filter>Source Files\Internal\SQLite</Filter>
    </ClCompile>
    <ClCompile Include="Internal\SQLiteSaveProofResultsQryBder.cpp">
      <Filter>Source Files\Internal\SQLite</Filter>
    </ClCompile>
    <ClCompile Include="Internal\SQLiteCheckAxInDbQryBder.cpp">
      <Filter>Source Files\Internal\SQLite</Filter>
    </ClCompile>
    <ClCompile Include="Internal\SQLiteFindHmmConjModel.cpp">
      <Filter>Source Files\Internal\SQLite</Filter>
    </ClCompile>
    <ClCompile Include="Internal\SQLiteGetHmmConjStTransParams.cpp">
      <Filter>Source Files\Internal\SQLite</Filter>
    </ClCompile>
    <ClCompile Include="Internal\SQLiteGetHmmConjObsParams.cpp">
      <Filter>Source Files\Internal\SQLite</Filter>
    </ClCompile>
    <ClCompile Include="Internal\SQLiteRndThmSelectQryBder.cpp">
      <Filter>Source Files\Internal\SQLite</Filter>
    </ClCompile>
  </ItemGroup>
</Project>