<?xml version="1.0" encoding="utf-8"?>
<Project ToolsVersion="4.0" xmlns="http://schemas.microsoft.com/developer/msbuild/2003">
  <ItemGroup>
    <Filter Include="Source Files">
      <UniqueIdentifier>{4FC737F1-C7A5-4376-A066-2A32D752A2FF}</UniqueIdentifier>
      <Extensions>cpp;c;cc;cxx;def;odl;idl;hpj;bat;asm;asmx</Extensions>
    </Filter>
    <Filter Include="Header Files">
      <UniqueIdentifier>{93995380-89BD-4b04-88EB-625FBE52EBFB}</UniqueIdentifier>
      <Extensions>h;hh;hpp;hxx;hm;inl;inc;ipp;xsd</Extensions>
    </Filter>
    <Filter Include="Resource Files">
      <UniqueIdentifier>{67DA6AB6-F800-4c08-8B7A-83BB121AAD01}</UniqueIdentifier>
      <Extensions>rc;ico;cur;bmp;dlg;rc2;rct;bin;rgs;gif;jpg;jpeg;jpe;resx;tiff;tif;png;wav;mfcribbon-ms</Extensions>
    </Filter>
    <Filter Include="Header Files\Interfaces">
      <UniqueIdentifier>{70dfab10-306b-44d8-bf95-3049262e9b13}</UniqueIdentifier>
    </Filter>
    <Filter Include="Header Files\Internal">
      <UniqueIdentifier>{e2296469-416a-4dc8-9fa7-31cb9e6a794c}</UniqueIdentifier>
    </Filter>
    <Filter Include="Source Files\Internal">
      <UniqueIdentifier>{2e4c945f-079c-46b8-9604-deeeab292de6}</UniqueIdentifier>
    </Filter>
    <Filter Include="Header Files\Internal\Indices">
      <UniqueIdentifier>{06915bcc-04ae-4208-89be-1afdd4efd54d}</UniqueIdentifier>
    </Filter>
    <Filter Include="Header Files\Internal\Iterators">
      <UniqueIdentifier>{3f0d1f35-deea-4ce2-ba16-8ae28531631e}</UniqueIdentifier>
    </Filter>
    <Filter Include="Source Files\Internal\Indices">
      <UniqueIdentifier>{32d677ad-e2ed-44c9-8155-85f1e131ba34}</UniqueIdentifier>
    </Filter>
    <Filter Include="Source Files\Internal\Iterators">
      <UniqueIdentifier>{6a218472-1c50-41bb-8ba0-3c50e785c7ee}</UniqueIdentifier>
    </Filter>
    <Filter Include="Header Files\Internal\Databases">
      <UniqueIdentifier>{65cc8385-5ceb-4490-b3e6-49016bed75bb}</UniqueIdentifier>
    </Filter>
    <Filter Include="Source Files\Internal\Databases">
      <UniqueIdentifier>{6e5ca51a-1ae8-49ad-a08e-50fc095b191c}</UniqueIdentifier>
    </Filter>
    <Filter Include="Header Files\Internal\Databases\Equational">
      <UniqueIdentifier>{2c28090e-f06a-4705-8a7c-d46944197bf9}</UniqueIdentifier>
    </Filter>
    <Filter Include="Source Files\Internal\Databases\Equational">
      <UniqueIdentifier>{5b6cb6b7-3bc5-4232-8797-021fc05131ed}</UniqueIdentifier>
    </Filter>
  </ItemGroup>
  <ItemGroup>
    <None Include="README.md" />
  </ItemGroup>
  <ItemGroup>
    <ClInclude Include="ATPDatabase.h">
      <Filter>Header Files</Filter>
    </ClInclude>
    <ClInclude Include="ATPDatabaseAPI.h">
      <Filter>Header Files</Filter>
    </ClInclude>
    <ClInclude Include="Interfaces\DBIterators.h">
      <Filter>Header Files\Interfaces</Filter>
    </ClInclude>
    <ClInclude Include="Interfaces\Data.h">
      <Filter>Header Files\Interfaces</Filter>
    </ClInclude>
    <ClInclude Include="Interfaces\DBContainers.h">
      <Filter>Header Files\Interfaces</Filter>
    </ClInclude>
    <ClInclude Include="Interfaces\ILockManager.h">
      <Filter>Header Files\Interfaces</Filter>
    </ClInclude>
    <ClInclude Include="Interfaces\IBufferManager.h">
      <Filter>Header Files\Interfaces</Filter>
    </ClInclude>
    <ClInclude Include="Interfaces\IDatabase.h">
      <Filter>Header Files\Interfaces</Filter>
    </ClInclude>
    <ClInclude Include="Interfaces\DBOperations.h">
      <Filter>Header Files\Interfaces</Filter>
    </ClInclude>
    <ClInclude Include="Internal\StrictLockManager.h">
      <Filter>Header Files\Internal</Filter>
    </ClInclude>
    <ClInclude Include="Internal\BasicFileBufferManager.h">
      <Filter>Header Files\Internal</Filter>
    </ClInclude>
    <ClInclude Include="Internal\Equational\Database.h">
      <Filter>Header Files\Internal\Databases\Equational</Filter>
    </ClInclude>
    <ClInclude Include="Internal\Equational\Table.h">
      <Filter>Header Files\Internal\Databases\Equational</Filter>
    </ClInclude>
    <ClInclude Include="Internal\BasicArrayIndex.h">
      <Filter>Header Files\Internal\Indices</Filter>
    </ClInclude>
  </ItemGroup>
  <ItemGroup>
    <ClCompile Include="ATPDatabase.cpp">
      <Filter>Source Files</Filter>
    </ClCompile>
    <ClCompile Include="Internal\StrictLockManager.cpp">
      <Filter>Source Files\Internal</Filter>
    </ClCompile>
    <ClCompile Include="Internal\BasicFileBufferManager.cpp">
      <Filter>Source Files\Internal</Filter>
    </ClCompile>
    <ClCompile Include="Interfaces\Data.cpp">
      <Filter>Source Files</Filter>
    </ClCompile>
    <ClCompile Include="Internal\Equational\Database.cpp">
      <Filter>Source Files\Internal\Databases\Equational</Filter>
    </ClCompile>
    <ClCompile Include="Internal\Equational\Table.cpp">
      <Filter>Source Files\Internal\Databases\Equational</Filter>
    </ClCompile>
  </ItemGroup>
</Project>