<?xml version="1.0" encoding="utf-8"?>
<Project ToolsVersion="4.0" xmlns="http://schemas.microsoft.com/developer/msbuild/2003">
  <ItemGroup>
    <Filter Include="Source Files">
      <UniqueIdentifier>{4FC737F1-C7A5-4376-A066-2A32D752A2FF}</UniqueIdentifier>
      <Extensions>cpp;c;cc;cxx;c++;def;odl;idl;hpj;bat;asm;asmx</Extensions>
    </Filter>
    <Filter Include="Header Files">
      <UniqueIdentifier>{93995380-89BD-4b04-88EB-625FBE52EBFB}</UniqueIdentifier>
      <Extensions>h;hh;hpp;hxx;h++;hm;inl;inc;ipp;xsd</Extensions>
    </Filter>
    <Filter Include="Resource Files">
      <UniqueIdentifier>{67DA6AB6-F800-4c08-8B7A-83BB121AAD01}</UniqueIdentifier>
      <Extensions>rc;ico;cur;bmp;dlg;rc2;rct;bin;rgs;gif;jpg;jpeg;jpe;resx;tiff;tif;png;wav;mfcribbon-ms</Extensions>
    </Filter>
    <Filter Include="Source Files\Solver Tests">
      <UniqueIdentifier>{ba3489c3-ddc2-4201-96bd-301aadde8ef7}</UniqueIdentifier>
    </Filter>
    <Filter Include="Source Files\Stopping Strategy Tests">
      <UniqueIdentifier>{1ce529ed-70de-4599-afc2-ea4793617dac}</UniqueIdentifier>
    </Filter>
    <Filter Include="Source Files\Successor Iterator Tests">
      <UniqueIdentifier>{f74c430c-41dd-45b9-a1eb-0853caee18c3}</UniqueIdentifier>
    </Filter>
    <Filter Include="Source Files\Heuristic Tests">
      <UniqueIdentifier>{93dcaa9c-f2f0-4bc9-b2bb-b8f3bd12218b}</UniqueIdentifier>
    </Filter>
    <Filter Include="Source Files\Search Settings Tests">
      <UniqueIdentifier>{1682bf4e-490b-493f-b8b0-fc0db19730cd}</UniqueIdentifier>
    </Filter>
  </ItemGroup>
  <ItemGroup>
    <ClCompile Include="Main.cpp">
      <Filter>Source Files</Filter>
    </ClCompile>
    <ClCompile Include="DefinitionStrs.cpp">
      <Filter>Source Files</Filter>
    </ClCompile>
    <ClCompile Include="BasicStoppingStrategyTests.cpp">
      <Filter>Source Files\Stopping Strategy Tests</Filter>
    </ClCompile>
    <ClCompile Include="FixedStoppingStrategyTests.cpp">
      <Filter>Source Files\Stopping Strategy Tests</Filter>
    </ClCompile>
    <ClCompile Include="IterativeDeepeningTests.cpp">
      <Filter>Source Files\Solver Tests</Filter>
    </ClCompile>
    <ClCompile Include="StoppingIteratorTests.cpp">
      <Filter>Source Files\Successor Iterator Tests</Filter>
    </ClCompile>
    <ClCompile Include="SearchSettingsTests.cpp">
      <Filter>Source Files\Search Settings Tests</Filter>
    </ClCompile>
    <ClCompile Include="IteratorManagerTests.cpp">
      <Filter>Source Files\Successor Iterator Tests</Filter>
    </ClCompile>
    <ClCompile Include="SearchSettingsSolversTests.cpp">
      <Filter>Source Files\Search Settings Tests</Filter>
    </ClCompile>
    <ClCompile Include="SearchSettingsSuccItersTests.cpp">
      <Filter>Source Files\Search Settings Tests</Filter>
    </ClCompile>
    <ClCompile Include="SearchSettingsHeuristicsTests.cpp">
      <Filter>Source Files\Search Settings Tests</Filter>
    </ClCompile>
  </ItemGroup>
  <ItemGroup>
    <ClInclude Include="Test.h">
      <Filter>Header Files</Filter>
    </ClInclude>
    <ClInclude Include="DefinitionStrs.h">
      <Filter>Header Files</Filter>
    </ClInclude>
    <ClInclude Include="LogicSetupFixture.h">
      <Filter>Header Files</Filter>
    </ClInclude>
  </ItemGroup>
</Project>