<?xml version="1.0" encoding="utf-8"?>
<Project ToolsVersion="4.0" xmlns="http://schemas.microsoft.com/developer/msbuild/2003">
  <ItemGroup>
    <Filter Include="Source Files">
      <UniqueIdentifier>{4FC737F1-C7A5-4376-A066-2A32D752A2FF}</UniqueIdentifier>
      <Extensions>cpp;c;cc;cxx;def;odl;idl;hpj;bat;asm;asmx</Extensions>
    </Filter>
    <Filter Include="Header Files">
      <UniqueIdentifier>{93995380-89BD-4b04-88EB-625FBE52EBFB}</UniqueIdentifier>
      <Extensions>h;hh;hpp;hxx;hm;inl;inc;ipp;xsd</Extensions>
    </Filter>
    <Filter Include="Resource Files">
      <UniqueIdentifier>{67DA6AB6-F800-4c08-8B7A-83BB121AAD01}</UniqueIdentifier>
      <Extensions>rc;ico;cur;bmp;dlg;rc2;rct;bin;rgs;gif;jpg;jpeg;jpe;resx;tiff;tif;png;wav;mfcribbon-ms</Extensions>
    </Filter>
    <Filter Include="Header Files\Interfaces">
      <UniqueIdentifier>{1450bded-fa2b-4c48-837d-857386be9022}</UniqueIdentifier>
    </Filter>
    <Filter Include="Header Files\Internal">
      <UniqueIdentifier>{bf85746d-ab46-464a-9a86-f79e4b2777b2}</UniqueIdentifier>
    </Filter>
    <Filter Include="Source Files\Internal">
      <UniqueIdentifier>{7d612c25-217b-4cc4-a176-e0baeab49d18}</UniqueIdentifier>
    </Filter>
    <Filter Include="Header Files\Internal\Successor Iterators">
      <UniqueIdentifier>{31012aa4-af40-4407-a141-ae4b96541aca}</UniqueIdentifier>
    </Filter>
    <Filter Include="Source Files\Internal\Successor Iterators">
      <UniqueIdentifier>{c407b0ec-f1a0-40d9-bf39-49eb0a179c08}</UniqueIdentifier>
    </Filter>
    <Filter Include="Header Files\Internal\Stopping Strategies">
      <UniqueIdentifier>{62d6e35d-a87e-4877-970f-02e797503245}</UniqueIdentifier>
    </Filter>
    <Filter Include="Source Files\Internal\Stopping Strategies">
      <UniqueIdentifier>{0482eee8-a9a8-45a2-bbe4-5a5e30e7f254}</UniqueIdentifier>
    </Filter>
    <Filter Include="Header Files\Internal\Heuristics">
      <UniqueIdentifier>{32b00e4d-3384-4c22-8622-c40f38c3d36d}</UniqueIdentifier>
    </Filter>
    <Filter Include="Source Files\Internal\Heuristics">
      <UniqueIdentifier>{298efeb7-d88e-4490-919d-22bed072c6a9}</UniqueIdentifier>
    </Filter>
    <Filter Include="Source Files\Internal\Solvers">
      <UniqueIdentifier>{800b3425-39c4-471e-9de5-2f6531ecbef6}</UniqueIdentifier>
    </Filter>
    <Filter Include="Header Files\Internal\Solvers">
      <UniqueIdentifier>{472cb82a-b805-401e-baea-6983b286a63d}</UniqueIdentifier>
    </Filter>
    <Filter Include="Source Files\Search Settings">
      <UniqueIdentifier>{d5afd037-b359-4238-abad-abc456ea40a4}</UniqueIdentifier>
    </Filter>
    <Filter Include="Header Files\Search Settings">
      <UniqueIdentifier>{bb7ac8ac-f0fc-4c97-849f-0d9731ce0f0c}</UniqueIdentifier>
    </Filter>
    <Filter Include="Header Files\Internal\Selection Strategies">
      <UniqueIdentifier>{d0716a0c-e823-4358-a9ae-0ddb1e449159}</UniqueIdentifier>
    </Filter>
    <Filter Include="Source Files\Internal\Selection Strategies">
      <UniqueIdentifier>{decc3b10-e2b7-47a0-8532-3ec249ee463a}</UniqueIdentifier>
    </Filter>
  </ItemGroup>
  <ItemGroup>
    <None Include="README.md" />
  </ItemGroup>
  <ItemGroup>
    <ClInclude Include="ATPSearch.h">
      <Filter>Header Files</Filter>
    </ClInclude>
    <ClInclude Include="ATPSearchAPI.h">
      <Filter>Header Files</Filter>
    </ClInclude>
    <ClInclude Include="Interfaces\ISolver.h">
      <Filter>Header Files\Interfaces</Filter>
    </ClInclude>
    <ClInclude Include="Interfaces\IHeuristic.h">
      <Filter>Header Files\Interfaces</Filter>
    </ClInclude>
    <ClInclude Include="Internal\FixedStoppingStrategy.h">
      <Filter>Header Files\Internal\Stopping Strategies</Filter>
    </ClInclude>
    <ClInclude Include="Interfaces\IStoppingStrategy.h">
      <Filter>Header Files\Interfaces</Filter>
    </ClInclude>
    <ClInclude Include="Internal\BasicStoppingStrategy.h">
      <Filter>Header Files\Internal\Stopping Strategies</Filter>
    </ClInclude>
    <ClInclude Include="Internal\StoppingIterator.h">
      <Filter>Header Files\Internal\Successor Iterators</Filter>
    </ClInclude>
    <ClInclude Include="Internal\IterativeDeepeningSolver.h">
      <Filter>Header Files\Internal\Solvers</Filter>
    </ClInclude>
    <ClInclude Include="Internal\IteratorManager.h">
      <Filter>Header Files\Internal\Successor Iterators</Filter>
    </ClInclude>
    <ClInclude Include="Internal\SearchSettingsHeuristics.h">
      <Filter>Header Files\Search Settings</Filter>
    </ClInclude>
    <ClInclude Include="Internal\SearchSettingsSolvers.h">
      <Filter>Header Files\Search Settings</Filter>
    </ClInclude>
    <ClInclude Include="Internal\SearchSettings.h">
      <Filter>Header Files\Search Settings</Filter>
    </ClInclude>
    <ClInclude Include="Internal\SearchSettingsSuccIters.h">
      <Filter>Header Files\Search Settings</Filter>
    </ClInclude>
    <ClInclude Include="Internal\EditDistanceHeuristic.h">
      <Filter>Header Files\Internal\Heuristics</Filter>
    </ClInclude>
    <ClInclude Include="ATPSearchLog.h">
      <Filter>Header Files</Filter>
    </ClInclude>
    <ClInclude Include="Interfaces\ISelectionStrategy.h">
      <Filter>Header Files\Interfaces</Filter>
    </ClInclude>
    <ClInclude Include="Internal\FixedSelectionStrategy.h">
      <Filter>Header Files\Internal\Selection Strategies</Filter>
    </ClInclude>
    <ClInclude Include="Internal\EditDistanceSelectionStrategy.h">
      <Filter>Header Files\Internal\Selection Strategies</Filter>
    </ClInclude>
  </ItemGroup>
  <ItemGroup>
    <ClCompile Include="ATPSearch.cpp">
      <Filter>Source Files</Filter>
    </ClCompile>
    <ClCompile Include="Internal\FixedStoppingStrategy.cpp">
      <Filter>Source Files\Internal\Stopping Strategies</Filter>
    </ClCompile>
    <ClCompile Include="Internal\BasicStoppingStrategy.cpp">
      <Filter>Source Files\Internal\Stopping Strategies</Filter>
    </ClCompile>
    <ClCompile Include="Internal\StoppingIterator.cpp">
      <Filter>Source Files\Internal\Successor Iterators</Filter>
    </ClCompile>
    <ClCompile Include="Internal\IterativeDeepeningSolver.cpp">
      <Filter>Source Files\Internal\Solvers</Filter>
    </ClCompile>
    <ClCompile Include="Internal\IteratorManager.cpp">
      <Filter>Source Files\Internal\Successor Iterators</Filter>
    </ClCompile>
    <ClCompile Include="Internal\SearchSettingsHeuristics.cpp">
      <Filter>Source Files\Search Settings</Filter>
    </ClCompile>
    <ClCompile Include="Internal\SearchSettingsSolvers.cpp">
      <Filter>Source Files\Search Settings</Filter>
    </ClCompile>
    <ClCompile Include="Internal\SearchSettings.cpp">
      <Filter>Source Files\Search Settings</Filter>
    </ClCompile>
    <ClCompile Include="Internal\SearchSettingsSuccIters.cpp">
      <Filter>Source Files\Search Settings</Filter>
    </ClCompile>
    <ClCompile Include="Internal\EditDistanceHeuristic.cpp">
      <Filter>Source Files\Internal\Heuristics</Filter>
    </ClCompile>
    <ClCompile Include="Internal\FixedSelectionStrategy.cpp">
      <Filter>Source Files\Internal\Selection Strategies</Filter>
    </ClCompile>
    <ClCompile Include="Internal\EditDistanceSelectionStrategy.cpp">
      <Filter>Source Files\Internal\Selection Strategies</Filter>
    </ClCompile>
  </ItemGroup>
</Project>