<?xml version="1.0" encoding="utf-8"?>
<Project ToolsVersion="4.0" xmlns="http://schemas.microsoft.com/developer/msbuild/2003">
  <ItemGroup>
    <Filter Include="Source Files">
      <UniqueIdentifier>{4FC737F1-C7A5-4376-A066-2A32D752A2FF}</UniqueIdentifier>
      <Extensions>cpp;c;cc;cxx;c++;def;odl;idl;hpj;bat;asm;asmx</Extensions>
    </Filter>
    <Filter Include="Header Files">
      <UniqueIdentifier>{93995380-89BD-4b04-88EB-625FBE52EBFB}</UniqueIdentifier>
      <Extensions>h;hh;hpp;hxx;h++;hm;inl;inc;ipp;xsd</Extensions>
    </Filter>
    <Filter Include="Resource Files">
      <UniqueIdentifier>{67DA6AB6-F800-4c08-8B7A-83BB121AAD01}</UniqueIdentifier>
      <Extensions>rc;ico;cur;bmp;dlg;rc2;rct;bin;rgs;gif;jpg;jpeg;jpe;resx;tiff;tif;png;wav;mfcribbon-ms</Extensions>
    </Filter>
    <Filter Include="Source Files\Equational">
      <UniqueIdentifier>{8a1a1ac3-5362-42d2-b2e6-8d8aa023ecff}</UniqueIdentifier>
    </Filter>
    <Filter Include="Header Files\Equational">
      <UniqueIdentifier>{dc2089c1-1792-479f-8dc5-95badcac6521}</UniqueIdentifier>
    </Filter>
    <Filter Include="Source Files\Equational\Parsing">
      <UniqueIdentifier>{9973066e-5472-47cf-99c3-6e5ff64ea083}</UniqueIdentifier>
    </Filter>
    <Filter Include="Source Files\Equational\Implementations">
      <UniqueIdentifier>{62d9e042-2f41-44a4-ac76-2abfb1d809b2}</UniqueIdentifier>
    </Filter>
    <Filter Include="Source Files\Equational\Syntax">
      <UniqueIdentifier>{85d383f0-e075-4a0e-b9b0-34f8d938fd0f}</UniqueIdentifier>
    </Filter>
    <Filter Include="Source Files\Equational\Implementations\Successor Iterators">
      <UniqueIdentifier>{6933fcee-8e00-4572-b6d4-4d24af1478f7}</UniqueIdentifier>
    </Filter>
  </ItemGroup>
  <ItemGroup>
    <ClCompile Include="Main.cpp">
      <Filter>Source Files</Filter>
    </ClCompile>
    <ClCompile Include="Equational\ModelContextTests.cpp">
      <Filter>Source Files\Equational\Implementations</Filter>
    </ClCompile>
    <ClCompile Include="Equational\KnowledgeKernelTests.cpp">
      <Filter>Source Files\Equational\Implementations</Filter>
    </ClCompile>
    <ClCompile Include="Equational\LanguageTests.cpp">
      <Filter>Source Files\Equational\Implementations</Filter>
    </ClCompile>
    <ClCompile Include="Equational\ProofStateTests.cpp">
      <Filter>Source Files\Equational\Implementations</Filter>
    </ClCompile>
    <ClCompile Include="Equational\StatementTests.cpp">
      <Filter>Source Files\Equational\Implementations</Filter>
    </ClCompile>
    <ClCompile Include="Equational\StatementArrayTests.cpp">
      <Filter>Source Files\Equational\Implementations</Filter>
    </ClCompile>
    <ClCompile Include="Equational\ParseStatementsTests.cpp">
      <Filter>Source Files\Equational\Parsing</Filter>
    </ClCompile>
    <ClCompile Include="Equational\ParseTreeFoldTests.cpp">
      <Filter>Source Files\Equational\Parsing</Filter>
    </ClCompile>
    <ClCompile Include="Equational\ParseTreeToSyntaxTreeTests.cpp">
      <Filter>Source Files\Equational\Parsing</Filter>
    </ClCompile>
    <ClCompile Include="Equational\SyntaxTreeFoldTests.cpp">
      <Filter>Source Files\Equational\Syntax</Filter>
    </ClCompile>
    <ClCompile Include="Equational\SyntaxNodeToStr.cpp">
      <Filter>Source Files\Equational</Filter>
    </ClCompile>
    <ClCompile Include="Equational\DefinitionFileExamples.cpp">
      <Filter>Source Files\Equational</Filter>
    </ClCompile>
    <ClCompile Include="Equational\ExprTreeFlyweightTests.cpp">
      <Filter>Source Files\Equational\Implementations</Filter>
    </ClCompile>
    <ClCompile Include="Equational\ExpressionTests.cpp">
      <Filter>Source Files\Equational\Implementations</Filter>
    </ClCompile>
    <ClCompile Include="Equational\FreeVarAssignmentIteratorTests.cpp">
      <Filter>Source Files\Equational\Implementations\Successor Iterators</Filter>
    </ClCompile>
    <ClCompile Include="Equational\RuleMatchingIteratorTests.cpp">
      <Filter>Source Files\Equational\Implementations\Successor Iterators</Filter>
    </ClCompile>
    <ClCompile Include="Equational\MatchResultsIteratorTests.cpp">
      <Filter>Source Files\Equational\Implementations\Successor Iterators</Filter>
    </ClCompile>
    <ClCompile Include="Equational\SubExprMatchingIteratorTests.cpp">
      <Filter>Source Files\Equational\Implementations\Successor Iterators</Filter>
    </ClCompile>
    <ClCompile Include="Equational\NoRepeatIteratorTests.cpp">
      <Filter>Source Files\Equational\Implementations\Successor Iterators</Filter>
    </ClCompile>
    <ClCompile Include="FreeVarIdSetTests.cpp">
      <Filter>Source Files</Filter>
    </ClCompile>
  </ItemGroup>
  <ItemGroup>
    <ClInclude Include="Test.h">
      <Filter>Header Files</Filter>
    </ClInclude>
    <ClInclude Include="Equational\SyntaxNodeToStr.h">
      <Filter>Header Files\Equational</Filter>
    </ClInclude>
    <ClInclude Include="Equational\DefinitionFileExamples.h">
      <Filter>Header Files\Equational</Filter>
    </ClInclude>
    <ClInclude Include="Equational\StandardTestFixture.h">
      <Filter>Header Files\Equational</Filter>
    </ClInclude>
    <ClInclude Include="Equational\EmptyTestFixture.h">
      <Filter>Header Files\Equational</Filter>
    </ClInclude>
  </ItemGroup>
</Project>