<?xml version="1.0" encoding="utf-8"?>
<Project ToolsVersion="4.0" xmlns="http://schemas.microsoft.com/developer/msbuild/2003">
  <ItemGroup>
    <Filter Include="Source Files">
      <UniqueIdentifier>{4FC737F1-C7A5-4376-A066-2A32D752A2FF}</UniqueIdentifier>
      <Extensions>cpp;c;cc;cxx;def;odl;idl;hpj;bat;asm;asmx</Extensions>
    </Filter>
    <Filter Include="Header Files">
      <UniqueIdentifier>{93995380-89BD-4b04-88EB-625FBE52EBFB}</UniqueIdentifier>
      <Extensions>h;hh;hpp;hxx;hm;inl;inc;ipp;xsd</Extensions>
    </Filter>
    <Filter Include="Resource Files">
      <UniqueIdentifier>{67DA6AB6-F800-4c08-8B7A-83BB121AAD01}</UniqueIdentifier>
      <Extensions>rc;ico;cur;bmp;dlg;rc2;rct;bin;rgs;gif;jpg;jpeg;jpe;resx;tiff;tif;png;wav;mfcribbon-ms</Extensions>
    </Filter>
    <Filter Include="Header Files\Interfaces">
      <UniqueIdentifier>{6a0d6a69-4200-4b40-8570-827422a99f82}</UniqueIdentifier>
    </Filter>
    <Filter Include="Header Files\Internal">
      <UniqueIdentifier>{0554d27c-143b-44e2-a16d-a196ff75e4c2}</UniqueIdentifier>
    </Filter>
    <Filter Include="Source Files\Internal">
      <UniqueIdentifier>{16fd411b-1421-487d-a9d5-ec49a1627980}</UniqueIdentifier>
    </Filter>
    <Filter Include="Header Files\Internal\Equational">
      <UniqueIdentifier>{e24682db-c0c4-4019-8fb2-f1e4887b31fc}</UniqueIdentifier>
    </Filter>
    <Filter Include="Source Files\Internal\Equational">
      <UniqueIdentifier>{14522795-d78f-416b-b14d-22985b3cb304}</UniqueIdentifier>
    </Filter>
    <Filter Include="Header Files\Internal\Equational\Parsing">
      <UniqueIdentifier>{89cceff1-70b1-4dde-8c54-0b146676db56}</UniqueIdentifier>
    </Filter>
    <Filter Include="Header Files\Internal\Equational\Syntax">
      <UniqueIdentifier>{07f50982-a08a-4919-8a48-53bbb7f4ad17}</UniqueIdentifier>
    </Filter>
    <Filter Include="Header Files\Internal\Equational\Implementations">
      <UniqueIdentifier>{5a6d6b4e-00bd-49cf-a1ac-96ac16b9e2bf}</UniqueIdentifier>
    </Filter>
    <Filter Include="Source Files\Internal\Equational\Parsing">
      <UniqueIdentifier>{ff23ac29-9faa-4620-8409-64062c736471}</UniqueIdentifier>
    </Filter>
    <Filter Include="Source Files\Internal\Equational\Syntax">
      <UniqueIdentifier>{82aa2102-491f-4176-ba6b-44b31fbed6d9}</UniqueIdentifier>
    </Filter>
    <Filter Include="Source Files\Internal\Equational\Implementations">
      <UniqueIdentifier>{dbcc2ea2-04c2-4da3-92ca-e9e5fa51eafc}</UniqueIdentifier>
    </Filter>
  </ItemGroup>
  <ItemGroup>
    <None Include="README.md" />
  </ItemGroup>
  <ItemGroup>
    <ClInclude Include="ATPLogic.h">
      <Filter>Header Files</Filter>
    </ClInclude>
    <ClInclude Include="ATPLogicAPI.h">
      <Filter>Header Files</Filter>
    </ClInclude>
    <ClInclude Include="Interfaces\ILanguage.h">
      <Filter>Header Files\Interfaces</Filter>
    </ClInclude>
    <ClInclude Include="Interfaces\IKnowledgeKernel.h">
      <Filter>Header Files\Interfaces</Filter>
    </ClInclude>
    <ClInclude Include="Interfaces\IStatement.h">
      <Filter>Header Files\Interfaces</Filter>
    </ClInclude>
    <ClInclude Include="Interfaces\IStatementArray.h">
      <Filter>Header Files\Interfaces</Filter>
    </ClInclude>
    <ClInclude Include="Interfaces\IPropositionalKnowledgeKernel.h">
      <Filter>Header Files\Interfaces</Filter>
    </ClInclude>
    <ClInclude Include="Internal\Equational\KnowledgeKernel.h">
      <Filter>Header Files\Internal\Equational\Implementations</Filter>
    </ClInclude>
    <ClInclude Include="Internal\Equational\Language.h">
      <Filter>Header Files\Internal\Equational\Implementations</Filter>
    </ClInclude>
    <ClInclude Include="Internal\Equational\Statement.h">
      <Filter>Header Files\Internal\Equational\Implementations</Filter>
    </ClInclude>
    <ClInclude Include="Internal\Equational\StatementArray.h">
      <Filter>Header Files\Internal\Equational\Implementations</Filter>
    </ClInclude>
    <ClInclude Include="Internal\Equational\Grammar.h">
      <Filter>Header Files\Internal\Equational\Parsing</Filter>
    </ClInclude>
    <ClInclude Include="Internal\Equational\ParseNodes.h">
      <Filter>Header Files\Internal\Equational\Parsing</Filter>
    </ClInclude>
    <ClInclude Include="Internal\Equational\Parser.h">
      <Filter>Header Files\Internal\Equational\Parsing</Filter>
    </ClInclude>
    <ClInclude Include="Internal\Equational\ParseTreeFold.h">
      <Filter>Header Files\Internal\Equational\Parsing</Filter>
    </ClInclude>
    <ClInclude Include="Internal\Equational\SyntaxNodes.h">
      <Filter>Header Files\Internal\Equational\Syntax</Filter>
    </ClInclude>
    <ClInclude Include="Internal\Equational\SyntaxTreeFold.h">
      <Filter>Header Files\Internal\Equational\Syntax</Filter>
    </ClInclude>
    <ClInclude Include="Internal\Equational\SyntaxTreeTraversal.h">
      <Filter>Header Files\Internal\Equational\Syntax</Filter>
    </ClInclude>
    <ClInclude Include="Internal\Equational\Semantics.h">
      <Filter>Header Files\Internal\Equational\Syntax</Filter>
    </ClInclude>
    <ClInclude Include="Internal\Equational\SemanticsHelper.h">
      <Filter>Header Files\Internal\Equational\Syntax</Filter>
    </ClInclude>
    <ClInclude Include="Interfaces\IModelContext.h">
      <Filter>Header Files\Interfaces</Filter>
    </ClInclude>
    <ClInclude Include="Internal\Equational\ModelContext.h">
      <Filter>Header Files\Internal\Equational\Implementations</Filter>
    </ClInclude>
    <ClInclude Include="Interfaces\IProofState.h">
      <Filter>Header Files\Interfaces</Filter>
    </ClInclude>
    <ClInclude Include="Internal\Equational\ProofState.h">
      <Filter>Header Files\Internal\Equational\Implementations</Filter>
    </ClInclude>
    <ClInclude Include="Internal\Equational\Expression.h">
      <Filter>Header Files\Internal\Equational\Implementations</Filter>
    </ClInclude>
  </ItemGroup>
  <ItemGroup>
    <ClCompile Include="ATPLogic.cpp">
      <Filter>Source Files</Filter>
    </ClCompile>
    <ClCompile Include="Internal\Equational\KnowledgeKernel.cpp">
      <Filter>Source Files\Internal\Equational\Implementations</Filter>
    </ClCompile>
    <ClCompile Include="Internal\Equational\Language.cpp">
      <Filter>Source Files\Internal\Equational\Implementations</Filter>
    </ClCompile>
    <ClCompile Include="Internal\Equational\Statement.cpp">
      <Filter>Source Files\Internal\Equational\Implementations</Filter>
    </ClCompile>
    <ClCompile Include="Internal\Equational\StatementArray.cpp">
      <Filter>Source Files\Internal\Equational\Implementations</Filter>
    </ClCompile>
    <ClCompile Include="Internal\Equational\Grammar.cpp">
      <Filter>Source Files\Internal\Equational\Parsing</Filter>
    </ClCompile>
    <ClCompile Include="Internal\Equational\Parser.cpp">
      <Filter>Source Files\Internal\Equational\Parsing</Filter>
    </ClCompile>
    <ClCompile Include="Internal\Equational\SyntaxNodes.cpp">
      <Filter>Source Files\Internal\Equational\Syntax</Filter>
    </ClCompile>
    <ClCompile Include="Internal\Equational\Semantics.cpp">
      <Filter>Source Files\Internal\Equational\Syntax</Filter>
    </ClCompile>
    <ClCompile Include="Internal\Equational\SemanticsHelper.cpp">
      <Filter>Source Files\Internal\Equational\Syntax</Filter>
    </ClCompile>
    <ClCompile Include="Internal\Equational\ModelContext.cpp">
      <Filter>Source Files\Internal\Equational\Implementations</Filter>
    </ClCompile>
    <ClCompile Include="Internal\Equational\ProofState.cpp">
      <Filter>Source Files\Internal\Equational\Implementations</Filter>
    </ClCompile>
    <ClCompile Include="Internal\Equational\Expression.cpp">
      <Filter>Source Files\Internal\Equational\Implementations</Filter>
    </ClCompile>
  </ItemGroup>
</Project>